Microsoft Visual Studio Solution File, Format Version 12.00
# Visual Studio Version 17
VisualStudioVersion = 17.5.2.0
MinimumVisualStudioVersion = 10.0.40219.1
Project("{FAE04EC0-301F-11D3-BF4B-00C04F79EFBC}") = "RotorBase", "RotorBase\RotorBase.csproj", "{27B372F2-9477-6126-BC20-DA00FEFFB1DC}"
EndProject
Project("{FAE04EC0-301F-11D3-BF4B-00C04F79EFBC}") = "RotorBase.Tests", "RotorBase.Tests\RotorBase.Tests.csproj", "{A7B5517A-02B8-4E0F-AF9D-741DB7B36B88}"
EndProject
Global
	GlobalSection(SolutionConfigurationPlatforms) = preSolution
		Debug|Any CPU = Debug|Any CPU
		Release|Any CPU = Release|Any CPU
	EndGlobalSection
	GlobalSection(ProjectConfigurationPlatforms) = postSolution
		{27B372F2-9477-6126-BC20-DA00FEFFB1DC}.Debug|Any CPU.ActiveCfg = Debug|Any CPU
		{27B372F2-9477-6126-BC20-DA00FEFFB1DC}.Debug|Any CPU.Build.0 = Debug|Any CPU
		{27B372F2-9477-6126-BC20-DA00FEFFB1DC}.Release|Any CPU.ActiveCfg = Release|Any CPU
		{27B372F2-9477-6126-BC20-DA00FEFFB1DC}.Release|Any CPU.Build.0 = Release|Any CPU
		{A7B5517A-02B8-4E0F-AF9D-741DB7B36B88}.Debug|Any CPU.ActiveCfg = Debug|Any CPU
		{A7B5517A-02B8-4E0F-AF9D-741DB7B36B88}.Debug|Any CPU.Build.0 = Debug|Any CPU
		{A7B5517A-02B8-4E0F-AF9D-741DB7B36B88}.Release|Any CPU.ActiveCfg = Release|Any CPU
		{A7B5517A-02B8-4E0F-AF9D-741DB7B36B88}.Release|Any CPU.Build.0 = Release|Any CPU
	EndGlobalSection
	GlobalSection(SolutionProperties) = preSolution
		HideSolutionNode = FALSE
	EndGlobalSection
	GlobalSection(ExtensibilityGlobals) = postSolution
		SolutionGuid = {B1B5818A-964A-4CF6-B687-60ACADD5DC32}
	EndGlobalSection
EndGlobal
